// !$*UTF8*$!
{
	archiveVersion = 1;
	classes = {
	};
	objectVersion = 50;
	objects = {

/* Begin PBXBuildFile section */
		13148417266EE4EF0019D277 /* MovieResult.swift in Sources */ = {isa = PBXBuildFile; fileRef = 13148416266EE4EF0019D277 /* MovieResult.swift */; };
		132224FF2632CD6800152667 /* URLSessionExtensions.swift in Sources */ = {isa = PBXBuildFile; fileRef = 132224FE2632CD6800152667 /* URLSessionExtensions.swift */; };
		1398EE92267EC6EE0072A276 /* ResourceFetchable.swift in Sources */ = {isa = PBXBuildFile; fileRef = 1398EE91267EC6EE0072A276 /* ResourceFetchable.swift */; };
		13AD3199266CC55900C6CE64 /* MovieSearchResultsPresenter.swift in Sources */ = {isa = PBXBuildFile; fileRef = 13AD3198266CC55900C6CE64 /* MovieSearchResultsPresenter.swift */; };
		13AD319B266CC5A400C6CE64 /* MovieSearchViewModel.swift in Sources */ = {isa = PBXBuildFile; fileRef = 13AD319A266CC5A400C6CE64 /* MovieSearchViewModel.swift */; };
		13AD319D266CC5E300C6CE64 /* ReversedScrollView.swift in Sources */ = {isa = PBXBuildFile; fileRef = 13AD319C266CC5E300C6CE64 /* ReversedScrollView.swift */; };
		13AD31A0266CC62A00C6CE64 /* SearchBar.swift in Sources */ = {isa = PBXBuildFile; fileRef = 13AD319F266CC62A00C6CE64 /* SearchBar.swift */; };
		13AD31A2266CC6A600C6CE64 /* MovieSearchResponse.swift in Sources */ = {isa = PBXBuildFile; fileRef = 13AD31A1266CC6A600C6CE64 /* MovieSearchResponse.swift */; };
		13AD31A4266CC7D600C6CE64 /* Stack.swift in Sources */ = {isa = PBXBuildFile; fileRef = 13AD31A3266CC7D500C6CE64 /* Stack.swift */; };
		13AD31A7266CCCB800C6CE64 /* WatchlistResponse.swift in Sources */ = {isa = PBXBuildFile; fileRef = 13AD31A6266CCCB800C6CE64 /* WatchlistResponse.swift */; };
		13B4A9A5264A68F700CE9105 /* HStackSnapCarousel.swift in Sources */ = {isa = PBXBuildFile; fileRef = 13B4A9A4264A68F600CE9105 /* HStackSnapCarousel.swift */; };
		13C1CFAC26328EB300011317 /* Showtime_App.swift in Sources */ = {isa = PBXBuildFile; fileRef = 13C1CFAB26328EB300011317 /* Showtime_App.swift */; };
		13C1CFAE26328EB300011317 /* WatchlistView.swift in Sources */ = {isa = PBXBuildFile; fileRef = 13C1CFAD26328EB300011317 /* WatchlistView.swift */; };
		13C1CFB026328EC100011317 /* Assets.xcassets in Resources */ = {isa = PBXBuildFile; fileRef = 13C1CFAF26328EC100011317 /* Assets.xcassets */; };
		13C1CFB326328EC100011317 /* Preview Assets.xcassets in Resources */ = {isa = PBXBuildFile; fileRef = 13C1CFB226328EC100011317 /* Preview Assets.xcassets */; };
		13C1CFBE26328EC300011317 /* Showtime_Tests.swift in Sources */ = {isa = PBXBuildFile; fileRef = 13C1CFBD26328EC300011317 /* Showtime_Tests.swift */; };
		13C1CFC926328EC300011317 /* Showtime_UITests.swift in Sources */ = {isa = PBXBuildFile; fileRef = 13C1CFC826328EC300011317 /* Showtime_UITests.swift */; };
		13C1CFDA263294CA00011317 /* Movie.swift in Sources */ = {isa = PBXBuildFile; fileRef = 13C1CFD9263294CA00011317 /* Movie.swift */; };
		13C1CFE82632980100011317 /* WatchlistViewModel.swift in Sources */ = {isa = PBXBuildFile; fileRef = 13C1CFE72632980100011317 /* WatchlistViewModel.swift */; };
		13D014CA2647DE4000743F3C /* ImageService.swift in Sources */ = {isa = PBXBuildFile; fileRef = 13D014C92647DE4000743F3C /* ImageService.swift */; };
		13EDA7E32647EE2D00C1407C /* ImageServiceTest.swift in Sources */ = {isa = PBXBuildFile; fileRef = 13EDA7E22647EE2D00C1407C /* ImageServiceTest.swift */; };
		13EE91BB267996BA0073E9EF /* SearchService.swift in Sources */ = {isa = PBXBuildFile; fileRef = 13EE91BA267996BA0073E9EF /* SearchService.swift */; };
		13F5CC392646B05B00C1808E /* ImageViewModel.swift in Sources */ = {isa = PBXBuildFile; fileRef = 13F5CC382646B05B00C1808E /* ImageViewModel.swift */; };
		13F5CC442646BC8900C1808E /* WatchlistService.swift in Sources */ = {isa = PBXBuildFile; fileRef = 13F5CC432646BC8800C1808E /* WatchlistService.swift */; };
		13F5CC492646D21100C1808E /* MovieCard.swift in Sources */ = {isa = PBXBuildFile; fileRef = 13F5CC482646D21100C1808E /* MovieCard.swift */; };
		13F5CC4E2646DCC600C1808E /* MovieCarouselView.swift in Sources */ = {isa = PBXBuildFile; fileRef = 13F5CC4D2646DCC300C1808E /* MovieCarouselView.swift */; };
/* End PBXBuildFile section */

/* Begin PBXContainerItemProxy section */
		13C1CFBA26328EC300011317 /* PBXContainerItemProxy */ = {
			isa = PBXContainerItemProxy;
			containerPortal = 13C1CFA026328EB300011317 /* Project object */;
			proxyType = 1;
			remoteGlobalIDString = 13C1CFA726328EB300011317;
			remoteInfo = "Showtime!";
		};
		13C1CFC526328EC300011317 /* PBXContainerItemProxy */ = {
			isa = PBXContainerItemProxy;
			containerPortal = 13C1CFA026328EB300011317 /* Project object */;
			proxyType = 1;
			remoteGlobalIDString = 13C1CFA726328EB300011317;
			remoteInfo = "Showtime!";
		};
/* End PBXContainerItemProxy section */

/* Begin PBXFileReference section */
		13148416266EE4EF0019D277 /* MovieResult.swift */ = {isa = PBXFileReference; lastKnownFileType = sourcecode.swift; path = MovieResult.swift; sourceTree = "<group>"; };
		132224FE2632CD6800152667 /* URLSessionExtensions.swift */ = {isa = PBXFileReference; lastKnownFileType = sourcecode.swift; path = URLSessionExtensions.swift; sourceTree = "<group>"; };
		1398EE91267EC6EE0072A276 /* ResourceFetchable.swift */ = {isa = PBXFileReference; lastKnownFileType = sourcecode.swift; path = ResourceFetchable.swift; sourceTree = "<group>"; };
		13AD3198266CC55900C6CE64 /* MovieSearchResultsPresenter.swift */ = {isa = PBXFileReference; fileEncoding = 4; lastKnownFileType = sourcecode.swift; path = MovieSearchResultsPresenter.swift; sourceTree = "<group>"; };
		13AD319A266CC5A400C6CE64 /* MovieSearchViewModel.swift */ = {isa = PBXFileReference; fileEncoding = 4; lastKnownFileType = sourcecode.swift; path = MovieSearchViewModel.swift; sourceTree = "<group>"; };
		13AD319C266CC5E300C6CE64 /* ReversedScrollView.swift */ = {isa = PBXFileReference; fileEncoding = 4; lastKnownFileType = sourcecode.swift; path = ReversedScrollView.swift; sourceTree = "<group>"; };
		13AD319F266CC62A00C6CE64 /* SearchBar.swift */ = {isa = PBXFileReference; fileEncoding = 4; lastKnownFileType = sourcecode.swift; path = SearchBar.swift; sourceTree = "<group>"; };
		13AD31A1266CC6A600C6CE64 /* MovieSearchResponse.swift */ = {isa = PBXFileReference; fileEncoding = 4; lastKnownFileType = sourcecode.swift; path = MovieSearchResponse.swift; sourceTree = "<group>"; };
		13AD31A3266CC7D500C6CE64 /* Stack.swift */ = {isa = PBXFileReference; fileEncoding = 4; lastKnownFileType = sourcecode.swift; path = Stack.swift; sourceTree = "<group>"; };
		13AD31A6266CCCB800C6CE64 /* WatchlistResponse.swift */ = {isa = PBXFileReference; lastKnownFileType = sourcecode.swift; path = WatchlistResponse.swift; sourceTree = "<group>"; };
		13B4A9A4264A68F600CE9105 /* HStackSnapCarousel.swift */ = {isa = PBXFileReference; lastKnownFileType = sourcecode.swift; path = HStackSnapCarousel.swift; sourceTree = "<group>"; };
		13C1CFA826328EB300011317 /* Showtime!.app */ = {isa = PBXFileReference; explicitFileType = wrapper.application; includeInIndex = 0; path = "Showtime!.app"; sourceTree = BUILT_PRODUCTS_DIR; };
		13C1CFAB26328EB300011317 /* Showtime_App.swift */ = {isa = PBXFileReference; lastKnownFileType = sourcecode.swift; path = Showtime_App.swift; sourceTree = "<group>"; };
		13C1CFAD26328EB300011317 /* WatchlistView.swift */ = {isa = PBXFileReference; lastKnownFileType = sourcecode.swift; path = WatchlistView.swift; sourceTree = "<group>"; };
		13C1CFAF26328EC100011317 /* Assets.xcassets */ = {isa = PBXFileReference; lastKnownFileType = folder.assetcatalog; path = Assets.xcassets; sourceTree = "<group>"; };
		13C1CFB226328EC100011317 /* Preview Assets.xcassets */ = {isa = PBXFileReference; lastKnownFileType = folder.assetcatalog; path = "Preview Assets.xcassets"; sourceTree = "<group>"; };
		13C1CFB426328EC100011317 /* Info.plist */ = {isa = PBXFileReference; lastKnownFileType = text.plist.xml; path = Info.plist; sourceTree = "<group>"; };
		13C1CFB926328EC300011317 /* Showtime!Tests.xctest */ = {isa = PBXFileReference; explicitFileType = wrapper.cfbundle; includeInIndex = 0; path = "Showtime!Tests.xctest"; sourceTree = BUILT_PRODUCTS_DIR; };
		13C1CFBD26328EC300011317 /* Showtime_Tests.swift */ = {isa = PBXFileReference; lastKnownFileType = sourcecode.swift; path = Showtime_Tests.swift; sourceTree = "<group>"; };
		13C1CFBF26328EC300011317 /* Info.plist */ = {isa = PBXFileReference; lastKnownFileType = text.plist.xml; path = Info.plist; sourceTree = "<group>"; };
		13C1CFC426328EC300011317 /* Showtime!UITests.xctest */ = {isa = PBXFileReference; explicitFileType = wrapper.cfbundle; includeInIndex = 0; path = "Showtime!UITests.xctest"; sourceTree = BUILT_PRODUCTS_DIR; };
		13C1CFC826328EC300011317 /* Showtime_UITests.swift */ = {isa = PBXFileReference; lastKnownFileType = sourcecode.swift; path = Showtime_UITests.swift; sourceTree = "<group>"; };
		13C1CFCA26328EC300011317 /* Info.plist */ = {isa = PBXFileReference; lastKnownFileType = text.plist.xml; path = Info.plist; sourceTree = "<group>"; };
		13C1CFD9263294CA00011317 /* Movie.swift */ = {isa = PBXFileReference; lastKnownFileType = sourcecode.swift; path = Movie.swift; sourceTree = "<group>"; };
		13C1CFE72632980100011317 /* WatchlistViewModel.swift */ = {isa = PBXFileReference; lastKnownFileType = sourcecode.swift; path = WatchlistViewModel.swift; sourceTree = "<group>"; };
		13D014C92647DE4000743F3C /* ImageService.swift */ = {isa = PBXFileReference; lastKnownFileType = sourcecode.swift; path = ImageService.swift; sourceTree = "<group>"; };
		13EDA7E22647EE2D00C1407C /* ImageServiceTest.swift */ = {isa = PBXFileReference; lastKnownFileType = sourcecode.swift; path = ImageServiceTest.swift; sourceTree = "<group>"; };
		13EE91BA267996BA0073E9EF /* SearchService.swift */ = {isa = PBXFileReference; lastKnownFileType = sourcecode.swift; path = SearchService.swift; sourceTree = "<group>"; };
		13F5CC382646B05B00C1808E /* ImageViewModel.swift */ = {isa = PBXFileReference; lastKnownFileType = sourcecode.swift; path = ImageViewModel.swift; sourceTree = "<group>"; };
		13F5CC432646BC8800C1808E /* WatchlistService.swift */ = {isa = PBXFileReference; lastKnownFileType = sourcecode.swift; path = WatchlistService.swift; sourceTree = "<group>"; };
		13F5CC482646D21100C1808E /* MovieCard.swift */ = {isa = PBXFileReference; lastKnownFileType = sourcecode.swift; path = MovieCard.swift; sourceTree = "<group>"; };
		13F5CC4D2646DCC300C1808E /* MovieCarouselView.swift */ = {isa = PBXFileReference; lastKnownFileType = sourcecode.swift; path = MovieCarouselView.swift; sourceTree = "<group>"; };
/* End PBXFileReference section */

/* Begin PBXFrameworksBuildPhase section */
		13C1CFA526328EB300011317 /* Frameworks */ = {
			isa = PBXFrameworksBuildPhase;
			buildActionMask = 2147483647;
			files = (
			);
			runOnlyForDeploymentPostprocessing = 0;
		};
		13C1CFB626328EC300011317 /* Frameworks */ = {
			isa = PBXFrameworksBuildPhase;
			buildActionMask = 2147483647;
			files = (
			);
			runOnlyForDeploymentPostprocessing = 0;
		};
		13C1CFC126328EC300011317 /* Frameworks */ = {
			isa = PBXFrameworksBuildPhase;
			buildActionMask = 2147483647;
			files = (
			);
			runOnlyForDeploymentPostprocessing = 0;
		};
/* End PBXFrameworksBuildPhase section */

/* Begin PBXGroup section */
		13AD319E266CC5EA00C6CE64 /* SearchBar */ = {
			isa = PBXGroup;
			children = (
				13AD3198266CC55900C6CE64 /* MovieSearchResultsPresenter.swift */,
				13AD319C266CC5E300C6CE64 /* ReversedScrollView.swift */,
				13AD319F266CC62A00C6CE64 /* SearchBar.swift */,
				13AD31A3266CC7D500C6CE64 /* Stack.swift */,
			);
			path = SearchBar;
			sourceTree = "<group>";
		};
		13AD31A5266CC82500C6CE64 /* Watchlist */ = {
			isa = PBXGroup;
			children = (
				13C1CFAD26328EB300011317 /* WatchlistView.swift */,
				13F5CC482646D21100C1808E /* MovieCard.swift */,
				13F5CC4D2646DCC300C1808E /* MovieCarouselView.swift */,
				13B4A9A4264A68F600CE9105 /* HStackSnapCarousel.swift */,
			);
			path = Watchlist;
			sourceTree = "<group>";
		};
		13C1CF9F26328EB300011317 = {
			isa = PBXGroup;
			children = (
				13C1CFAA26328EB300011317 /* Showtime! */,
				13C1CFBC26328EC300011317 /* Showtime!Tests */,
				13C1CFC726328EC300011317 /* Showtime!UITests */,
				13C1CFA926328EB300011317 /* Products */,
			);
			sourceTree = "<group>";
		};
		13C1CFA926328EB300011317 /* Products */ = {
			isa = PBXGroup;
			children = (
				13C1CFA826328EB300011317 /* Showtime!.app */,
				13C1CFB926328EC300011317 /* Showtime!Tests.xctest */,
				13C1CFC426328EC300011317 /* Showtime!UITests.xctest */,
			);
			name = Products;
			sourceTree = "<group>";
		};
		13C1CFAA26328EB300011317 /* Showtime! */ = {
			isa = PBXGroup;
			children = (
				13F5CC422646BC7900C1808E /* Services */,
				13C1CFE0263296EE00011317 /* ViewModels */,
				13C1CFDF263296E500011317 /* Models */,
				13C1CFDE263296DD00011317 /* Views */,
				13C1CFAB26328EB300011317 /* Showtime_App.swift */,
				13C1CFAF26328EC100011317 /* Assets.xcassets */,
				13C1CFB426328EC100011317 /* Info.plist */,
				13C1CFB126328EC100011317 /* Preview Content */,
				132224FE2632CD6800152667 /* URLSessionExtensions.swift */,
			);
			path = "Showtime!";
			sourceTree = "<group>";
		};
		13C1CFB126328EC100011317 /* Preview Content */ = {
			isa = PBXGroup;
			children = (
				13C1CFB226328EC100011317 /* Preview Assets.xcassets */,
			);
			path = "Preview Content";
			sourceTree = "<group>";
		};
		13C1CFBC26328EC300011317 /* Showtime!Tests */ = {
			isa = PBXGroup;
			children = (
				13C1CFBD26328EC300011317 /* Showtime_Tests.swift */,
				13C1CFBF26328EC300011317 /* Info.plist */,
				13EDA7E22647EE2D00C1407C /* ImageServiceTest.swift */,
			);
			path = "Showtime!Tests";
			sourceTree = "<group>";
		};
		13C1CFC726328EC300011317 /* Showtime!UITests */ = {
			isa = PBXGroup;
			children = (
				13C1CFC826328EC300011317 /* Showtime_UITests.swift */,
				13C1CFCA26328EC300011317 /* Info.plist */,
			);
			path = "Showtime!UITests";
			sourceTree = "<group>";
		};
		13C1CFDE263296DD00011317 /* Views */ = {
			isa = PBXGroup;
			children = (
				13AD31A5266CC82500C6CE64 /* Watchlist */,
				13AD319E266CC5EA00C6CE64 /* SearchBar */,
			);
			path = Views;
			sourceTree = "<group>";
		};
		13C1CFDF263296E500011317 /* Models */ = {
			isa = PBXGroup;
			children = (
				13C1CFD9263294CA00011317 /* Movie.swift */,
				13AD31A1266CC6A600C6CE64 /* MovieSearchResponse.swift */,
				13AD31A6266CCCB800C6CE64 /* WatchlistResponse.swift */,
				13148416266EE4EF0019D277 /* MovieResult.swift */,
			);
			path = Models;
			sourceTree = "<group>";
		};
		13C1CFE0263296EE00011317 /* ViewModels */ = {
			isa = PBXGroup;
			children = (
				13AD319A266CC5A400C6CE64 /* MovieSearchViewModel.swift */,
				13C1CFE72632980100011317 /* WatchlistViewModel.swift */,
				13F5CC382646B05B00C1808E /* ImageViewModel.swift */,
			);
			path = ViewModels;
			sourceTree = "<group>";
		};
		13F5CC422646BC7900C1808E /* Services */ = {
			isa = PBXGroup;
			children = (
				13F5CC432646BC8800C1808E /* WatchlistService.swift */,
				13D014C92647DE4000743F3C /* ImageService.swift */,
				13EE91BA267996BA0073E9EF /* SearchService.swift */,
				1398EE91267EC6EE0072A276 /* ResourceFetchable.swift */,
			);
			path = Services;
			sourceTree = "<group>";
		};
/* End PBXGroup section */

/* Begin PBXNativeTarget section */
		13C1CFA726328EB300011317 /* Showtime! */ = {
			isa = PBXNativeTarget;
			buildConfigurationList = 13C1CFCD26328EC300011317 /* Build configuration list for PBXNativeTarget "Showtime!" */;
			buildPhases = (
				13C1CFA426328EB300011317 /* Sources */,
				13C1CFA526328EB300011317 /* Frameworks */,
				13C1CFA626328EB300011317 /* Resources */,
			);
			buildRules = (
			);
			dependencies = (
			);
			name = "Showtime!";
			productName = "Showtime!";
			productReference = 13C1CFA826328EB300011317 /* Showtime!.app */;
			productType = "com.apple.product-type.application";
		};
		13C1CFB826328EC300011317 /* Showtime!Tests */ = {
			isa = PBXNativeTarget;
			buildConfigurationList = 13C1CFD026328EC300011317 /* Build configuration list for PBXNativeTarget "Showtime!Tests" */;
			buildPhases = (
				13C1CFB526328EC300011317 /* Sources */,
				13C1CFB626328EC300011317 /* Frameworks */,
				13C1CFB726328EC300011317 /* Resources */,
			);
			buildRules = (
			);
			dependencies = (
				13C1CFBB26328EC300011317 /* PBXTargetDependency */,
			);
			name = "Showtime!Tests";
			productName = "Showtime!Tests";
			productReference = 13C1CFB926328EC300011317 /* Showtime!Tests.xctest */;
			productType = "com.apple.product-type.bundle.unit-test";
		};
		13C1CFC326328EC300011317 /* Showtime!UITests */ = {
			isa = PBXNativeTarget;
			buildConfigurationList = 13C1CFD326328EC300011317 /* Build configuration list for PBXNativeTarget "Showtime!UITests" */;
			buildPhases = (
				13C1CFC026328EC300011317 /* Sources */,
				13C1CFC126328EC300011317 /* Frameworks */,
				13C1CFC226328EC300011317 /* Resources */,
			);
			buildRules = (
			);
			dependencies = (
				13C1CFC626328EC300011317 /* PBXTargetDependency */,
			);
			name = "Showtime!UITests";
			productName = "Showtime!UITests";
			productReference = 13C1CFC426328EC300011317 /* Showtime!UITests.xctest */;
			productType = "com.apple.product-type.bundle.ui-testing";
		};
/* End PBXNativeTarget section */

/* Begin PBXProject section */
		13C1CFA026328EB300011317 /* Project object */ = {
			isa = PBXProject;
			attributes = {
				LastSwiftUpdateCheck = 1230;
				LastUpgradeCheck = 1230;
				TargetAttributes = {
					13C1CFA726328EB300011317 = {
						CreatedOnToolsVersion = 12.3;
					};
					13C1CFB826328EC300011317 = {
						CreatedOnToolsVersion = 12.3;
						TestTargetID = 13C1CFA726328EB300011317;
					};
					13C1CFC326328EC300011317 = {
						CreatedOnToolsVersion = 12.3;
						TestTargetID = 13C1CFA726328EB300011317;
					};
				};
			};
			buildConfigurationList = 13C1CFA326328EB300011317 /* Build configuration list for PBXProject "Showtime!" */;
			compatibilityVersion = "Xcode 9.3";
			developmentRegion = en;
			hasScannedForEncodings = 0;
			knownRegions = (
				en,
				Base,
			);
			mainGroup = 13C1CF9F26328EB300011317;
			productRefGroup = 13C1CFA926328EB300011317 /* Products */;
			projectDirPath = "";
			projectRoot = "";
			targets = (
				13C1CFA726328EB300011317 /* Showtime! */,
				13C1CFB826328EC300011317 /* Showtime!Tests */,
				13C1CFC326328EC300011317 /* Showtime!UITests */,
			);
		};
/* End PBXProject section */

/* Begin PBXResourcesBuildPhase section */
		13C1CFA626328EB300011317 /* Resources */ = {
			isa = PBXResourcesBuildPhase;
			buildActionMask = 2147483647;
			files = (
				13C1CFB326328EC100011317 /* Preview Assets.xcassets in Resources */,
				13C1CFB026328EC100011317 /* Assets.xcassets in Resources */,
			);
			runOnlyForDeploymentPostprocessing = 0;
		};
		13C1CFB726328EC300011317 /* Resources */ = {
			isa = PBXResourcesBuildPhase;
			buildActionMask = 2147483647;
			files = (
			);
			runOnlyForDeploymentPostprocessing = 0;
		};
		13C1CFC226328EC300011317 /* Resources */ = {
			isa = PBXResourcesBuildPhase;
			buildActionMask = 2147483647;
			files = (
			);
			runOnlyForDeploymentPostprocessing = 0;
		};
/* End PBXResourcesBuildPhase section */

/* Begin PBXSourcesBuildPhase section */
		13C1CFA426328EB300011317 /* Sources */ = {
			isa = PBXSourcesBuildPhase;
			buildActionMask = 2147483647;
			files = (
				13AD31A2266CC6A600C6CE64 /* MovieSearchResponse.swift in Sources */,
				13AD319D266CC5E300C6CE64 /* ReversedScrollView.swift in Sources */,
				13C1CFAE26328EB300011317 /* WatchlistView.swift in Sources */,
				13AD319B266CC5A400C6CE64 /* MovieSearchViewModel.swift in Sources */,
				13F5CC392646B05B00C1808E /* ImageViewModel.swift in Sources */,
				13AD31A0266CC62A00C6CE64 /* SearchBar.swift in Sources */,
				13148417266EE4EF0019D277 /* MovieResult.swift in Sources */,
				132224FF2632CD6800152667 /* URLSessionExtensions.swift in Sources */,
				13AD3199266CC55900C6CE64 /* MovieSearchResultsPresenter.swift in Sources */,
				13D014CA2647DE4000743F3C /* ImageService.swift in Sources */,
				13AD31A4266CC7D600C6CE64 /* Stack.swift in Sources */,
				13AD31A7266CCCB800C6CE64 /* WatchlistResponse.swift in Sources */,
				13C1CFAC26328EB300011317 /* Showtime_App.swift in Sources */,
				13F5CC492646D21100C1808E /* MovieCard.swift in Sources */,
				13C1CFE82632980100011317 /* WatchlistViewModel.swift in Sources */,
				13F5CC442646BC8900C1808E /* WatchlistService.swift in Sources */,
				1398EE92267EC6EE0072A276 /* ResourceFetchable.swift in Sources */,
				13B4A9A5264A68F700CE9105 /* HStackSnapCarousel.swift in Sources */,
				13EE91BB267996BA0073E9EF /* SearchService.swift in Sources */,
				13C1CFDA263294CA00011317 /* Movie.swift in Sources */,
				13F5CC4E2646DCC600C1808E /* MovieCarouselView.swift in Sources */,
			);
			runOnlyForDeploymentPostprocessing = 0;
		};
		13C1CFB526328EC300011317 /* Sources */ = {
			isa = PBXSourcesBuildPhase;
			buildActionMask = 2147483647;
			files = (
				13C1CFBE26328EC300011317 /* Showtime_Tests.swift in Sources */,
				13EDA7E32647EE2D00C1407C /* ImageServiceTest.swift in Sources */,
			);
			runOnlyForDeploymentPostprocessing = 0;
		};
		13C1CFC026328EC300011317 /* Sources */ = {
			isa = PBXSourcesBuildPhase;
			buildActionMask = 2147483647;
			files = (
				13C1CFC926328EC300011317 /* Showtime_UITests.swift in Sources */,
			);
			runOnlyForDeploymentPostprocessing = 0;
		};
/* End PBXSourcesBuildPhase section */

/* Begin PBXTargetDependency section */
		13C1CFBB26328EC300011317 /* PBXTargetDependency */ = {
			isa = PBXTargetDependency;
			target = 13C1CFA726328EB300011317 /* Showtime! */;
			targetProxy = 13C1CFBA26328EC300011317 /* PBXContainerItemProxy */;
		};
		13C1CFC626328EC300011317 /* PBXTargetDependency */ = {
			isa = PBXTargetDependency;
			target = 13C1CFA726328EB300011317 /* Showtime! */;
			targetProxy = 13C1CFC526328EC300011317 /* PBXContainerItemProxy */;
		};
/* End PBXTargetDependency section */

/* Begin XCBuildConfiguration section */
		13C1CFCB26328EC300011317 /* Debug */ = {
			isa = XCBuildConfiguration;
			buildSettings = {
				ALWAYS_SEARCH_USER_PATHS = NO;
				CLANG_ANALYZER_NONNULL = YES;
				CLANG_ANALYZER_NUMBER_OBJECT_CONVERSION = YES_AGGRESSIVE;
				CLANG_CXX_LANGUAGE_STANDARD = "gnu++14";
				CLANG_CXX_LIBRARY = "libc++";
				CLANG_ENABLE_MODULES = YES;
				CLANG_ENABLE_OBJC_ARC = YES;
				CLANG_ENABLE_OBJC_WEAK = YES;
				CLANG_WARN_BLOCK_CAPTURE_AUTORELEASING = YES;
				CLANG_WARN_BOOL_CONVERSION = YES;
				CLANG_WARN_COMMA = YES;
				CLANG_WARN_CONSTANT_CONVERSION = YES;
				CLANG_WARN_DEPRECATED_OBJC_IMPLEMENTATIONS = YES;
				CLANG_WARN_DIRECT_OBJC_ISA_USAGE = YES_ERROR;
				CLANG_WARN_DOCUMENTATION_COMMENTS = YES;
				CLANG_WARN_EMPTY_BODY = YES;
				CLANG_WARN_ENUM_CONVERSION = YES;
				CLANG_WARN_INFINITE_RECURSION = YES;
				CLANG_WARN_INT_CONVERSION = YES;
				CLANG_WARN_NON_LITERAL_NULL_CONVERSION = YES;
				CLANG_WARN_OBJC_IMPLICIT_RETAIN_SELF = YES;
				CLANG_WARN_OBJC_LITERAL_CONVERSION = YES;
				CLANG_WARN_OBJC_ROOT_CLASS = YES_ERROR;
				CLANG_WARN_QUOTED_INCLUDE_IN_FRAMEWORK_HEADER = YES;
				CLANG_WARN_RANGE_LOOP_ANALYSIS = YES;
				CLANG_WARN_STRICT_PROTOTYPES = YES;
				CLANG_WARN_SUSPICIOUS_MOVE = YES;
				CLANG_WARN_UNGUARDED_AVAILABILITY = YES_AGGRESSIVE;
				CLANG_WARN_UNREACHABLE_CODE = YES;
				CLANG_WARN__DUPLICATE_METHOD_MATCH = YES;
				COPY_PHASE_STRIP = NO;
				DEBUG_INFORMATION_FORMAT = dwarf;
				ENABLE_STRICT_OBJC_MSGSEND = YES;
				ENABLE_TESTABILITY = YES;
				GCC_C_LANGUAGE_STANDARD = gnu11;
				GCC_DYNAMIC_NO_PIC = NO;
				GCC_NO_COMMON_BLOCKS = YES;
				GCC_OPTIMIZATION_LEVEL = 0;
				GCC_PREPROCESSOR_DEFINITIONS = (
					"DEBUG=1",
					"$(inherited)",
				);
				GCC_WARN_64_TO_32_BIT_CONVERSION = YES;
				GCC_WARN_ABOUT_RETURN_TYPE = YES_ERROR;
				GCC_WARN_UNDECLARED_SELECTOR = YES;
				GCC_WARN_UNINITIALIZED_AUTOS = YES_AGGRESSIVE;
				GCC_WARN_UNUSED_FUNCTION = YES;
				GCC_WARN_UNUSED_VARIABLE = YES;
				IPHONEOS_DEPLOYMENT_TARGET = 14.3;
				MTL_ENABLE_DEBUG_INFO = INCLUDE_SOURCE;
				MTL_FAST_MATH = YES;
				ONLY_ACTIVE_ARCH = YES;
				SDKROOT = iphoneos;
				SWIFT_ACTIVE_COMPILATION_CONDITIONS = DEBUG;
				SWIFT_OPTIMIZATION_LEVEL = "-Onone";
			};
			name = Debug;
		};
		13C1CFCC26328EC300011317 /* Release */ = {
			isa = XCBuildConfiguration;
			buildSettings = {
				ALWAYS_SEARCH_USER_PATHS = NO;
				CLANG_ANALYZER_NONNULL = YES;
				CLANG_ANALYZER_NUMBER_OBJECT_CONVERSION = YES_AGGRESSIVE;
				CLANG_CXX_LANGUAGE_STANDARD = "gnu++14";
				CLANG_CXX_LIBRARY = "libc++";
				CLANG_ENABLE_MODULES = YES;
				CLANG_ENABLE_OBJC_ARC = YES;
				CLANG_ENABLE_OBJC_WEAK = YES;
				CLANG_WARN_BLOCK_CAPTURE_AUTORELEASING = YES;
				CLANG_WARN_BOOL_CONVERSION = YES;
				CLANG_WARN_COMMA = YES;
				CLANG_WARN_CONSTANT_CONVERSION = YES;
				CLANG_WARN_DEPRECATED_OBJC_IMPLEMENTATIONS = YES;
				CLANG_WARN_DIRECT_OBJC_ISA_USAGE = YES_ERROR;
				CLANG_WARN_DOCUMENTATION_COMMENTS = YES;
				CLANG_WARN_EMPTY_BODY = YES;
				CLANG_WARN_ENUM_CONVERSION = YES;
				CLANG_WARN_INFINITE_RECURSION = YES;
				CLANG_WARN_INT_CONVERSION = YES;
				CLANG_WARN_NON_LITERAL_NULL_CONVERSION = YES;
				CLANG_WARN_OBJC_IMPLICIT_RETAIN_SELF = YES;
				CLANG_WARN_OBJC_LITERAL_CONVERSION = YES;
				CLANG_WARN_OBJC_ROOT_CLASS = YES_ERROR;
				CLANG_WARN_QUOTED_INCLUDE_IN_FRAMEWORK_HEADER = YES;
				CLANG_WARN_RANGE_LOOP_ANALYSIS = YES;
				CLANG_WARN_STRICT_PROTOTYPES = YES;
				CLANG_WARN_SUSPICIOUS_MOVE = YES;
				CLANG_WARN_UNGUARDED_AVAILABILITY = YES_AGGRESSIVE;
				CLANG_WARN_UNREACHABLE_CODE = YES;
				CLANG_WARN__DUPLICATE_METHOD_MATCH = YES;
				COPY_PHASE_STRIP = NO;
				DEBUG_INFORMATION_FORMAT = "dwarf-with-dsym";
				ENABLE_NS_ASSERTIONS = NO;
				ENABLE_STRICT_OBJC_MSGSEND = YES;
				GCC_C_LANGUAGE_STANDARD = gnu11;
				GCC_NO_COMMON_BLOCKS = YES;
				GCC_WARN_64_TO_32_BIT_CONVERSION = YES;
				GCC_WARN_ABOUT_RETURN_TYPE = YES_ERROR;
				GCC_WARN_UNDECLARED_SELECTOR = YES;
				GCC_WARN_UNINITIALIZED_AUTOS = YES_AGGRESSIVE;
				GCC_WARN_UNUSED_FUNCTION = YES;
				GCC_WARN_UNUSED_VARIABLE = YES;
				IPHONEOS_DEPLOYMENT_TARGET = 14.3;
				MTL_ENABLE_DEBUG_INFO = NO;
				MTL_FAST_MATH = YES;
				SDKROOT = iphoneos;
				SWIFT_COMPILATION_MODE = wholemodule;
				SWIFT_OPTIMIZATION_LEVEL = "-O";
				VALIDATE_PRODUCT = YES;
			};
			name = Release;
		};
		13C1CFCE26328EC300011317 /* Debug */ = {
			isa = XCBuildConfiguration;
			buildSettings = {
				ASSETCATALOG_COMPILER_APPICON_NAME = AppIcon;
				ASSETCATALOG_COMPILER_GLOBAL_ACCENT_COLOR_NAME = AccentColor;
				CODE_SIGN_STYLE = Automatic;
				DEVELOPMENT_ASSET_PATHS = "\"Showtime!/Preview Content\"";
				DEVELOPMENT_TEAM = ZULRH345LL;
				ENABLE_PREVIEWS = YES;
				INFOPLIST_FILE = "Showtime!/Info.plist";
				IPHONEOS_DEPLOYMENT_TARGET = 14.0;
				LD_RUNPATH_SEARCH_PATHS = (
					"$(inherited)",
					"@executable_path/Frameworks",
				);
				PRODUCT_BUNDLE_IDENTIFIER = "com.example.Showtime-";
				PRODUCT_NAME = "$(TARGET_NAME)";
				SWIFT_VERSION = 5.0;
				TARGETED_DEVICE_FAMILY = "1,2";
			};
			name = Debug;
		};
		13C1CFCF26328EC300011317 /* Release */ = {
			isa = XCBuildConfiguration;
			buildSettings = {
				ASSETCATALOG_COMPILER_APPICON_NAME = AppIcon;
				ASSETCATALOG_COMPILER_GLOBAL_ACCENT_COLOR_NAME = AccentColor;
				CODE_SIGN_STYLE = Automatic;
				DEVELOPMENT_ASSET_PATHS = "\"Showtime!/Preview Content\"";
				DEVELOPMENT_TEAM = ZULRH345LL;
				ENABLE_PREVIEWS = YES;
				INFOPLIST_FILE = "Showtime!/Info.plist";
				IPHONEOS_DEPLOYMENT_TARGET = 14.0;
				LD_RUNPATH_SEARCH_PATHS = (
					"$(inherited)",
					"@executable_path/Frameworks",
				);
				PRODUCT_BUNDLE_IDENTIFIER = "com.example.Showtime-";
				PRODUCT_NAME = "$(TARGET_NAME)";
				SWIFT_VERSION = 5.0;
				TARGETED_DEVICE_FAMILY = "1,2";
			};
			name = Release;
		};
		13C1CFD126328EC300011317 /* Debug */ = {
			isa = XCBuildConfiguration;
			buildSettings = {
				ALWAYS_EMBED_SWIFT_STANDARD_LIBRARIES = YES;
				BUNDLE_LOADER = "$(TEST_HOST)";
				CODE_SIGN_STYLE = Automatic;
				DEVELOPMENT_TEAM = ZULRH345LL;
				INFOPLIST_FILE = "Showtime!Tests/Info.plist";
				IPHONEOS_DEPLOYMENT_TARGET = 14.0;
				LD_RUNPATH_SEARCH_PATHS = (
					"$(inherited)",
					"@executable_path/Frameworks",
					"@loader_path/Frameworks",
				);
				PRODUCT_BUNDLE_IDENTIFIER = "com.example.Showtime-Tests";
				PRODUCT_NAME = "$(TARGET_NAME)";
				SWIFT_VERSION = 5.0;
				TARGETED_DEVICE_FAMILY = "1,2";
				TEST_HOST = "$(BUILT_PRODUCTS_DIR)/Showtime!.app/Showtime!";
			};
			name = Debug;
		};
		13C1CFD226328EC300011317 /* Release */ = {
			isa = XCBuildConfiguration;
			buildSettings = {
				ALWAYS_EMBED_SWIFT_STANDARD_LIBRARIES = YES;
				BUNDLE_LOADER = "$(TEST_HOST)";
				CODE_SIGN_STYLE = Automatic;
				DEVELOPMENT_TEAM = ZULRH345LL;
				INFOPLIST_FILE = "Showtime!Tests/Info.plist";
				IPHONEOS_DEPLOYMENT_TARGET = 14.0;
				LD_RUNPATH_SEARCH_PATHS = (
					"$(inherited)",
					"@executable_path/Frameworks",
					"@loader_path/Frameworks",
				);
				PRODUCT_BUNDLE_IDENTIFIER = "com.example.Showtime-Tests";
				PRODUCT_NAME = "$(TARGET_NAME)";
				SWIFT_VERSION = 5.0;
				TARGETED_DEVICE_FAMILY = "1,2";
				TEST_HOST = "$(BUILT_PRODUCTS_DIR)/Showtime!.app/Showtime!";
			};
			name = Release;
		};
		13C1CFD426328EC300011317 /* Debug */ = {
			isa = XCBuildConfiguration;
			buildSettings = {
				ALWAYS_EMBED_SWIFT_STANDARD_LIBRARIES = YES;
				CODE_SIGN_STYLE = Automatic;
				DEVELOPMENT_TEAM = ZULRH345LL;
				INFOPLIST_FILE = "Showtime!UITests/Info.plist";
				LD_RUNPATH_SEARCH_PATHS = (
					"$(inherited)",
					"@executable_path/Frameworks",
					"@loader_path/Frameworks",
				);
				PRODUCT_BUNDLE_IDENTIFIER = "com.example.Showtime-UITests";
				PRODUCT_NAME = "$(TARGET_NAME)";
				SWIFT_VERSION = 5.0;
				TARGETED_DEVICE_FAMILY = "1,2";
				TEST_TARGET_NAME = "Showtime!";
			};
			name = Debug;
		};
		13C1CFD526328EC300011317 /* Release */ = {
			isa = XCBuildConfiguration;
			buildSettings = {
				ALWAYS_EMBED_SWIFT_STANDARD_LIBRARIES = YES;
				CODE_SIGN_STYLE = Automatic;
				DEVELOPMENT_TEAM = ZULRH345LL;
				INFOPLIST_FILE = "Showtime!UITests/Info.plist";
				LD_RUNPATH_SEARCH_PATHS = (
					"$(inherited)",
					"@executable_path/Frameworks",
					"@loader_path/Frameworks",
				);
				PRODUCT_BUNDLE_IDENTIFIER = "com.example.Showtime-UITests";
				PRODUCT_NAME = "$(TARGET_NAME)";
				SWIFT_VERSION = 5.0;
				TARGETED_DEVICE_FAMILY = "1,2";
				TEST_TARGET_NAME = "Showtime!";
			};
			name = Release;
		};
/* End XCBuildConfiguration section */

/* Begin XCConfigurationList section */
		13C1CFA326328EB300011317 /* Build configuration list for PBXProject "Showtime!" */ = {
			isa = XCConfigurationList;
			buildConfigurations = (
				13C1CFCB26328EC300011317 /* Debug */,
				13C1CFCC26328EC300011317 /* Release */,
			);
			defaultConfigurationIsVisible = 0;
			defaultConfigurationName = Release;
		};
		13C1CFCD26328EC300011317 /* Build configuration list for PBXNativeTarget "Showtime!" */ = {
			isa = XCConfigurationList;
			buildConfigurations = (
				13C1CFCE26328EC300011317 /* Debug */,
				13C1CFCF26328EC300011317 /* Release */,
			);
			defaultConfigurationIsVisible = 0;
			defaultConfigurationName = Release;
		};
		13C1CFD026328EC300011317 /* Build configuration list for PBXNativeTarget "Showtime!Tests" */ = {
			isa = XCConfigurationList;
			buildConfigurations = (
				13C1CFD126328EC300011317 /* Debug */,
				13C1CFD226328EC300011317 /* Release */,
			);
			defaultConfigurationIsVisible = 0;
			defaultConfigurationName = Release;
		};
		13C1CFD326328EC300011317 /* Build configuration list for PBXNativeTarget "Showtime!UITests" */ = {
			isa = XCConfigurationList;
			buildConfigurations = (
				13C1CFD426328EC300011317 /* Debug */,
				13C1CFD526328EC300011317 /* Release */,
			);
			defaultConfigurationIsVisible = 0;
			defaultConfigurationName = Release;
		};
/* End XCConfigurationList section */
	};
	rootObject = 13C1CFA026328EB300011317 /* Project object */;
}
